
Microsoft Visual Studio Solution File, Format Version 12.00
# Visual Studio 15
VisualStudioVersion = 15.0.28307.1913
MinimumVisualStudioVersion = 10.0.40219.1
Project("{FAE04EC0-301F-11D3-BF4B-00C04F79EFBC}") = "LoanAmortization", "LoanAmortization\LoanAmortization.csproj", "{C2ECE98F-1867-4206-9B3E-A917387C4C2B}"
EndProject
Global
	GlobalSection(SolutionConfigurationPlatforms) = preSolution
		Debug|Any CPU = Debug|Any CPU
		Release|Any CPU = Release|Any CPU
	EndGlobalSection
	GlobalSection(ProjectConfigurationPlatforms) = postSolution
		{C2ECE98F-1867-4206-9B3E-A917387C4C2B}.Debug|Any CPU.ActiveCfg = Debug|Any CPU
		{C2ECE98F-1867-4206-9B3E-A917387C4C2B}.Debug|Any CPU.Build.0 = Debug|Any CPU
		{C2ECE98F-1867-4206-9B3E-A917387C4C2B}.Release|Any CPU.ActiveCfg = Release|Any CPU
		{C2ECE98F-1867-4206-9B3E-A917387C4C2B}.Release|Any CPU.Build.0 = Release|Any CPU
	EndGlobalSection
	GlobalSection(SolutionProperties) = preSolution
		HideSolutionNode = FALSE
	EndGlobalSection
	GlobalSection(ExtensibilityGlobals) = postSolution
		SolutionGuid = {59A960D1-B086-4393-94AD-E3C540242A6B}
	EndGlobalSection
EndGlobal
